
Microsoft Visual Studio Solution File, Format Version 12.00
# Visual Studio Version 16
VisualStudioVersion = 16.0.30320.27
MinimumVisualStudioVersion = 10.0.40219.1
Project("{FAE04EC0-301F-11D3-BF4B-00C04F79EFBC}") = "RiskManagementTool", "RiskManagementTool\RiskManagementTool.csproj", "{412F4090-AF9C-494F-B0B1-97B25B62C6E6}"
EndProject
Global
	GlobalSection(SolutionConfigurationPlatforms) = preSolution
		Debug|Any CPU = Debug|Any CPU
		Release|Any CPU = Release|Any CPU
	EndGlobalSection
	GlobalSection(ProjectConfigurationPlatforms) = postSolution
		{412F4090-AF9C-494F-B0B1-97B25B62C6E6}.Debug|Any CPU.ActiveCfg = Debug|Any CPU
		{412F4090-AF9C-494F-B0B1-97B25B62C6E6}.Debug|Any CPU.Build.0 = Debug|Any CPU
		{412F4090-AF9C-494F-B0B1-97B25B62C6E6}.Release|Any CPU.ActiveCfg = Release|Any CPU
		{412F4090-AF9C-494F-B0B1-97B25B62C6E6}.Release|Any CPU.Build.0 = Release|Any CPU
	EndGlobalSection
	GlobalSection(SolutionProperties) = preSolution
		HideSolutionNode = FALSE
	EndGlobalSection
	GlobalSection(ExtensibilityGlobals) = postSolution
		SolutionGuid = {CADE07A5-D64B-452E-B37D-B08C101D84C2}
	EndGlobalSection
EndGlobal
